
Microsoft Visual Studio Solution File, Format Version 12.00
# Visual Studio Version 16
VisualStudioVersion = 25.0.1704.2
MinimumVisualStudioVersion = 10.0.40219.1
Project("{FAE04EC0-301F-11D3-BF4B-00C04F79EFBC}") = "MoistureSensorApi", "MoistureSensorApi\MoistureSensorApi.csproj", "{CE98A998-2B00-4741-A665-9A1A05AE8679}"
EndProject
Global
	GlobalSection(SolutionConfigurationPlatforms) = preSolution
		Debug|Any CPU = Debug|Any CPU
		Release|Any CPU = Release|Any CPU
	EndGlobalSection
	GlobalSection(ProjectConfigurationPlatforms) = postSolution
		{CE98A998-2B00-4741-A665-9A1A05AE8679}.Debug|Any CPU.ActiveCfg = Debug|Any CPU
		{CE98A998-2B00-4741-A665-9A1A05AE8679}.Debug|Any CPU.Build.0 = Debug|Any CPU
		{CE98A998-2B00-4741-A665-9A1A05AE8679}.Release|Any CPU.ActiveCfg = Release|Any CPU
		{CE98A998-2B00-4741-A665-9A1A05AE8679}.Release|Any CPU.Build.0 = Release|Any CPU
	EndGlobalSection
	GlobalSection(SolutionProperties) = preSolution
		HideSolutionNode = FALSE
	EndGlobalSection
	GlobalSection(ExtensibilityGlobals) = postSolution
		SolutionGuid = {D9C879F9-4E0E-4C2D-839F-7A37895834FB}
	EndGlobalSection
EndGlobal
